
Microsoft Visual Studio Solution File, Format Version 12.00
# Visual Studio 2017
Project("{FAE04EC0-301F-11D3-BF4B-00C04F79EFBC}") = "e115aae7df1ee9d479d94ee45b7a7de1", "e115aae7df1ee9d479d94ee45b7a7de1.csproj", "{58A25662-0819-9BE8-64BE-3C8FCAD0EC26}"
EndProject
Project("{FAE04EC0-301F-11D3-BF4B-00C04F79EFBC}") = "e115aae7df1ee9d479d94ee45b7a7de1.Editor", "e115aae7df1ee9d479d94ee45b7a7de1.Editor.csproj", "{064FBFAC-C784-8BEE-0F9B-BA9EC5C028DB}"
EndProject
Global
	GlobalSection(SolutionConfigurationPlatforms) = preSolution
		Debug|Any CPU = Debug|Any CPU
		Release|Any CPU = Release|Any CPU
	EndGlobalSection
	GlobalSection(ProjectConfigurationPlatforms) = postSolution
		{58A25662-0819-9BE8-64BE-3C8FCAD0EC26}.Debug|Any CPU.ActiveCfg = Debug|Any CPU
		{58A25662-0819-9BE8-64BE-3C8FCAD0EC26}.Debug|Any CPU.Build.0 = Debug|Any CPU
		{58A25662-0819-9BE8-64BE-3C8FCAD0EC26}.Release|Any CPU.ActiveCfg = Release|Any CPU
		{58A25662-0819-9BE8-64BE-3C8FCAD0EC26}.Release|Any CPU.Build.0 = Release|Any CPU
		{064FBFAC-C784-8BEE-0F9B-BA9EC5C028DB}.Debug|Any CPU.ActiveCfg = Debug|Any CPU
		{064FBFAC-C784-8BEE-0F9B-BA9EC5C028DB}.Debug|Any CPU.Build.0 = Debug|Any CPU
		{064FBFAC-C784-8BEE-0F9B-BA9EC5C028DB}.Release|Any CPU.ActiveCfg = Release|Any CPU
		{064FBFAC-C784-8BEE-0F9B-BA9EC5C028DB}.Release|Any CPU.Build.0 = Release|Any CPU
	EndGlobalSection
	GlobalSection(SolutionProperties) = preSolution
		HideSolutionNode = FALSE
	EndGlobalSection
EndGlobal
